
Microsoft Visual Studio Solution File, Format Version 12.00
# Visual Studio Version 17
VisualStudioVersion = 17.0.31912.275
MinimumVisualStudioVersion = 10.0.40219.1
Project("{9A19103F-16F7-4668-BE54-9A1E7A4F7556}") = "TiendaServicios.Api.Autor", "TiendaServicios.Api.Autor\TiendaServicios.Api.Autor.csproj", "{1506EBFB-133F-4CFB-B670-1E8537ADFD50}"
EndProject
Project("{9A19103F-16F7-4668-BE54-9A1E7A4F7556}") = "TiendaServicios.Api.Libro", "TiendaServicios.Api.Libro\TiendaServicios.Api.Libro.csproj", "{59DE2A60-9395-42B1-89C9-E11253BF4109}"
EndProject
Project("{FAE04EC0-301F-11D3-BF4B-00C04F79EFBC}") = "TiendaServicios.Api.CarritoCompra", "TiendaServicios.Api.CarritoCompra\TiendaServicios.Api.CarritoCompra.csproj", "{D6F68BCD-B593-46AA-A08B-8B465B8936BD}"
EndProject
Global
	GlobalSection(SolutionConfigurationPlatforms) = preSolution
		Debug|Any CPU = Debug|Any CPU
		Release|Any CPU = Release|Any CPU
	EndGlobalSection
	GlobalSection(ProjectConfigurationPlatforms) = postSolution
		{1506EBFB-133F-4CFB-B670-1E8537ADFD50}.Debug|Any CPU.ActiveCfg = Debug|Any CPU
		{1506EBFB-133F-4CFB-B670-1E8537ADFD50}.Debug|Any CPU.Build.0 = Debug|Any CPU
		{1506EBFB-133F-4CFB-B670-1E8537ADFD50}.Release|Any CPU.ActiveCfg = Release|Any CPU
		{1506EBFB-133F-4CFB-B670-1E8537ADFD50}.Release|Any CPU.Build.0 = Release|Any CPU
		{59DE2A60-9395-42B1-89C9-E11253BF4109}.Debug|Any CPU.ActiveCfg = Debug|Any CPU
		{59DE2A60-9395-42B1-89C9-E11253BF4109}.Debug|Any CPU.Build.0 = Debug|Any CPU
		{59DE2A60-9395-42B1-89C9-E11253BF4109}.Release|Any CPU.ActiveCfg = Release|Any CPU
		{59DE2A60-9395-42B1-89C9-E11253BF4109}.Release|Any CPU.Build.0 = Release|Any CPU
		{D6F68BCD-B593-46AA-A08B-8B465B8936BD}.Debug|Any CPU.ActiveCfg = Debug|Any CPU
		{D6F68BCD-B593-46AA-A08B-8B465B8936BD}.Debug|Any CPU.Build.0 = Debug|Any CPU
		{D6F68BCD-B593-46AA-A08B-8B465B8936BD}.Release|Any CPU.ActiveCfg = Release|Any CPU
		{D6F68BCD-B593-46AA-A08B-8B465B8936BD}.Release|Any CPU.Build.0 = Release|Any CPU
	EndGlobalSection
	GlobalSection(SolutionProperties) = preSolution
		HideSolutionNode = FALSE
	EndGlobalSection
	GlobalSection(ExtensibilityGlobals) = postSolution
		SolutionGuid = {AE8DEBD1-394D-4B4A-ADD1-C125B1DF34A2}
	EndGlobalSection
EndGlobal
